
Microsoft Visual Studio Solution File, Format Version 12.00
# Visual Studio Version 16
VisualStudioVersion = 16.0.31019.35
MinimumVisualStudioVersion = 10.0.40219.1
Project("{FAE04EC0-301F-11D3-BF4B-00C04F79EFBC}") = "InventoryManagementSystem", "InventoryManagementSystem\InventoryManagementSystem.csproj", "{A6F44328-B205-49CD-94C4-7EFD67A5049C}"
EndProject
Project("{54435603-DBB4-11D2-8724-00A0C9A8B90C}") = "InventoryManagementSetup", "InventoryManagementSetup\InventoryManagementSetup.vdproj", "{0CF21611-F887-4201-B6E8-02C75F15FA62}"
EndProject
Global
	GlobalSection(SolutionConfigurationPlatforms) = preSolution
		Debug|Any CPU = Debug|Any CPU
		Release|Any CPU = Release|Any CPU
	EndGlobalSection
	GlobalSection(ProjectConfigurationPlatforms) = postSolution
		{A6F44328-B205-49CD-94C4-7EFD67A5049C}.Debug|Any CPU.ActiveCfg = Debug|Any CPU
		{A6F44328-B205-49CD-94C4-7EFD67A5049C}.Debug|Any CPU.Build.0 = Debug|Any CPU
		{A6F44328-B205-49CD-94C4-7EFD67A5049C}.Release|Any CPU.ActiveCfg = Release|Any CPU
		{A6F44328-B205-49CD-94C4-7EFD67A5049C}.Release|Any CPU.Build.0 = Release|Any CPU
		{0CF21611-F887-4201-B6E8-02C75F15FA62}.Debug|Any CPU.ActiveCfg = Debug
		{0CF21611-F887-4201-B6E8-02C75F15FA62}.Release|Any CPU.ActiveCfg = Release
	EndGlobalSection
	GlobalSection(SolutionProperties) = preSolution
		HideSolutionNode = FALSE
	EndGlobalSection
	GlobalSection(ExtensibilityGlobals) = postSolution
		SolutionGuid = {C68D49D9-4AD5-475D-9AAF-FE32DAC2A8B2}
	EndGlobalSection
EndGlobal
